
Microsoft Visual Studio Solution File, Format Version 12.00
# Visual Studio Version 16
VisualStudioVersion = 16.0.30011.22
MinimumVisualStudioVersion = 10.0.40219.1
Project("{FAE04EC0-301F-11D3-BF4B-00C04F79EFBC}") = "Components", "Solution\Framework\Components\Components.csproj", "{F5ABE7A6-327C-43A7-9AC5-8482E8A81C00}"
EndProject
Project("{FAE04EC0-301F-11D3-BF4B-00C04F79EFBC}") = "Device", "Solution\Framework\Device\Device.csproj", "{7E452254-870D-4E2A-A885-653C0FB182BF}"
EndProject
Project("{FAE04EC0-301F-11D3-BF4B-00C04F79EFBC}") = "Gui", "Solution\Framework\Gui\Gui.csproj", "{A99D28FE-781B-4AFD-814A-B8E50FBF9492}"
EndProject
Project("{FAE04EC0-301F-11D3-BF4B-00C04F79EFBC}") = "Object", "Solution\Framework\Object\Object.csproj", "{78A96FC4-9C12-4FE2-BFB6-A48EE0F7FC07}"
EndProject
Project("{FAE04EC0-301F-11D3-BF4B-00C04F79EFBC}") = "WebService", "Solution\Framework\Service\MYCRONIC\WebService\WebService.csproj", "{99DAEEFA-01FC-4284-93D2-6AAD259DBEE6}"
EndProject
Project("{FAE04EC0-301F-11D3-BF4B-00C04F79EFBC}") = "Shared", "Solution\Framework\Shared\Shared.csproj", "{6C77F5DF-0F47-46F1-982B-82AE8A39AD8F}"
EndProject
Project("{FAE04EC0-301F-11D3-BF4B-00C04F79EFBC}") = "ReelTower", "ReelTower\ReelTower.csproj", "{9B928303-D7C0-49C9-B7D7-9C451D2D4060}"
EndProject
Project("{FAE04EC0-301F-11D3-BF4B-00C04F79EFBC}") = "CompositeImageProcessControlOld", "CompositeImageProcessControlOld\CompositeImageProcessControlOld.csproj", "{ECDE01B1-077F-4F42-A387-EA56EE95F91C}"
EndProject
Project("{FAE04EC0-301F-11D3-BF4B-00C04F79EFBC}") = "CompositeImageProcessControl", "CompositeImageProcessControl\CompositeImageProcessControl.csproj", "{29E47515-CE28-4D06-87F4-0DC52F6AD67E}"
EndProject
Project("{FAE04EC0-301F-11D3-BF4B-00C04F79EFBC}") = "ProcessWatcher", "ProcessWatcher\ProcessWatcher.csproj", "{8C2E8745-9AD5-4C8E-A6D1-E925D4389D2D}"
EndProject
Project("{FAE04EC0-301F-11D3-BF4B-00C04F79EFBC}") = "ServiceManager", "ServiceManager\ServiceManager.csproj", "{58194CD0-597F-4368-844D-812107DC9339}"
EndProject
Project("{FAE04EC0-301F-11D3-BF4B-00C04F79EFBC}") = "ReelHandler", "ReelHandler\ReelHandler.csproj", "{853390C4-62A1-4A60-AF0A-96D3137BBA9A}"
EndProject
Global
	GlobalSection(SolutionConfigurationPlatforms) = preSolution
		Debug|Any CPU = Debug|Any CPU
		Debug|ARM = Debug|ARM
		Debug|ARM64 = Debug|ARM64
		Debug|x64 = Debug|x64
		Debug|x86 = Debug|x86
		Release|Any CPU = Release|Any CPU
		Release|ARM = Release|ARM
		Release|ARM64 = Release|ARM64
		Release|x64 = Release|x64
		Release|x86 = Release|x86
	EndGlobalSection
	GlobalSection(ProjectConfigurationPlatforms) = postSolution
		{F5ABE7A6-327C-43A7-9AC5-8482E8A81C00}.Debug|Any CPU.ActiveCfg = Debug|Any CPU
		{F5ABE7A6-327C-43A7-9AC5-8482E8A81C00}.Debug|Any CPU.Build.0 = Debug|Any CPU
		{F5ABE7A6-327C-43A7-9AC5-8482E8A81C00}.Debug|ARM.ActiveCfg = Debug|Any CPU
		{F5ABE7A6-327C-43A7-9AC5-8482E8A81C00}.Debug|ARM.Build.0 = Debug|Any CPU
		{F5ABE7A6-327C-43A7-9AC5-8482E8A81C00}.Debug|ARM64.ActiveCfg = Debug|Any CPU
		{F5ABE7A6-327C-43A7-9AC5-8482E8A81C00}.Debug|ARM64.Build.0 = Debug|Any CPU
		{F5ABE7A6-327C-43A7-9AC5-8482E8A81C00}.Debug|x64.ActiveCfg = Debug|Any CPU
		{F5ABE7A6-327C-43A7-9AC5-8482E8A81C00}.Debug|x64.Build.0 = Debug|Any CPU
		{F5ABE7A6-327C-43A7-9AC5-8482E8A81C00}.Debug|x86.ActiveCfg = Debug|Any CPU
		{F5ABE7A6-327C-43A7-9AC5-8482E8A81C00}.Debug|x86.Build.0 = Debug|Any CPU
		{F5ABE7A6-327C-43A7-9AC5-8482E8A81C00}.Release|Any CPU.ActiveCfg = Release|Any CPU
		{F5ABE7A6-327C-43A7-9AC5-8482E8A81C00}.Release|Any CPU.Build.0 = Release|Any CPU
		{F5ABE7A6-327C-43A7-9AC5-8482E8A81C00}.Release|ARM.ActiveCfg = Release|Any CPU
		{F5ABE7A6-327C-43A7-9AC5-8482E8A81C00}.Release|ARM.Build.0 = Release|Any CPU
		{F5ABE7A6-327C-43A7-9AC5-8482E8A81C00}.Release|ARM64.ActiveCfg = Release|Any CPU
		{F5ABE7A6-327C-43A7-9AC5-8482E8A81C00}.Release|ARM64.Build.0 = Release|Any CPU
		{F5ABE7A6-327C-43A7-9AC5-8482E8A81C00}.Release|x64.ActiveCfg = Release|Any CPU
		{F5ABE7A6-327C-43A7-9AC5-8482E8A81C00}.Release|x64.Build.0 = Release|Any CPU
		{F5ABE7A6-327C-43A7-9AC5-8482E8A81C00}.Release|x86.ActiveCfg = Release|Any CPU
		{F5ABE7A6-327C-43A7-9AC5-8482E8A81C00}.Release|x86.Build.0 = Release|Any CPU
		{7E452254-870D-4E2A-A885-653C0FB182BF}.Debug|Any CPU.ActiveCfg = Debug|Any CPU
		{7E452254-870D-4E2A-A885-653C0FB182BF}.Debug|Any CPU.Build.0 = Debug|Any CPU
		{7E452254-870D-4E2A-A885-653C0FB182BF}.Debug|ARM.ActiveCfg = Debug|Any CPU
		{7E452254-870D-4E2A-A885-653C0FB182BF}.Debug|ARM.Build.0 = Debug|Any CPU
		{7E452254-870D-4E2A-A885-653C0FB182BF}.Debug|ARM64.ActiveCfg = Debug|Any CPU
		{7E452254-870D-4E2A-A885-653C0FB182BF}.Debug|ARM64.Build.0 = Debug|Any CPU
		{7E452254-870D-4E2A-A885-653C0FB182BF}.Debug|x64.ActiveCfg = Debug|Any CPU
		{7E452254-870D-4E2A-A885-653C0FB182BF}.Debug|x64.Build.0 = Debug|Any CPU
		{7E452254-870D-4E2A-A885-653C0FB182BF}.Debug|x86.ActiveCfg = Debug|Any CPU
		{7E452254-870D-4E2A-A885-653C0FB182BF}.Debug|x86.Build.0 = Debug|Any CPU
		{7E452254-870D-4E2A-A885-653C0FB182BF}.Release|Any CPU.ActiveCfg = Release|Any CPU
		{7E452254-870D-4E2A-A885-653C0FB182BF}.Release|Any CPU.Build.0 = Release|Any CPU
		{7E452254-870D-4E2A-A885-653C0FB182BF}.Release|ARM.ActiveCfg = Release|Any CPU
		{7E452254-870D-4E2A-A885-653C0FB182BF}.Release|ARM.Build.0 = Release|Any CPU
		{7E452254-870D-4E2A-A885-653C0FB182BF}.Release|ARM64.ActiveCfg = Release|Any CPU
		{7E452254-870D-4E2A-A885-653C0FB182BF}.Release|ARM64.Build.0 = Release|Any CPU
		{7E452254-870D-4E2A-A885-653C0FB182BF}.Release|x64.ActiveCfg = Release|Any CPU
		{7E452254-870D-4E2A-A885-653C0FB182BF}.Release|x64.Build.0 = Release|Any CPU
		{7E452254-870D-4E2A-A885-653C0FB182BF}.Release|x86.ActiveCfg = Release|Any CPU
		{7E452254-870D-4E2A-A885-653C0FB182BF}.Release|x86.Build.0 = Release|Any CPU
		{A99D28FE-781B-4AFD-814A-B8E50FBF9492}.Debug|Any CPU.ActiveCfg = Debug|Any CPU
		{A99D28FE-781B-4AFD-814A-B8E50FBF9492}.Debug|Any CPU.Build.0 = Debug|Any CPU
		{A99D28FE-781B-4AFD-814A-B8E50FBF9492}.Debug|ARM.ActiveCfg = Debug|Any CPU
		{A99D28FE-781B-4AFD-814A-B8E50FBF9492}.Debug|ARM.Build.0 = Debug|Any CPU
		{A99D28FE-781B-4AFD-814A-B8E50FBF9492}.Debug|ARM64.ActiveCfg = Debug|Any CPU
		{A99D28FE-781B-4AFD-814A-B8E50FBF9492}.Debug|ARM64.Build.0 = Debug|Any CPU
		{A99D28FE-781B-4AFD-814A-B8E50FBF9492}.Debug|x64.ActiveCfg = Debug|Any CPU
		{A99D28FE-781B-4AFD-814A-B8E50FBF9492}.Debug|x64.Build.0 = Debug|Any CPU
		{A99D28FE-781B-4AFD-814A-B8E50FBF9492}.Debug|x86.ActiveCfg = Debug|Any CPU
		{A99D28FE-781B-4AFD-814A-B8E50FBF9492}.Debug|x86.Build.0 = Debug|Any CPU
		{A99D28FE-781B-4AFD-814A-B8E50FBF9492}.Release|Any CPU.ActiveCfg = Release|Any CPU
		{A99D28FE-781B-4AFD-814A-B8E50FBF9492}.Release|Any CPU.Build.0 = Release|Any CPU
		{A99D28FE-781B-4AFD-814A-B8E50FBF9492}.Release|ARM.ActiveCfg = Release|Any CPU
		{A99D28FE-781B-4AFD-814A-B8E50FBF9492}.Release|ARM.Build.0 = Release|Any CPU
		{A99D28FE-781B-4AFD-814A-B8E50FBF9492}.Release|ARM64.ActiveCfg = Release|Any CPU
		{A99D28FE-781B-4AFD-814A-B8E50FBF9492}.Release|ARM64.Build.0 = Release|Any CPU
		{A99D28FE-781B-4AFD-814A-B8E50FBF9492}.Release|x64.ActiveCfg = Release|Any CPU
		{A99D28FE-781B-4AFD-814A-B8E50FBF9492}.Release|x64.Build.0 = Release|Any CPU
		{A99D28FE-781B-4AFD-814A-B8E50FBF9492}.Release|x86.ActiveCfg = Release|Any CPU
		{A99D28FE-781B-4AFD-814A-B8E50FBF9492}.Release|x86.Build.0 = Release|Any CPU
		{78A96FC4-9C12-4FE2-BFB6-A48EE0F7FC07}.Debug|Any CPU.ActiveCfg = Debug|Any CPU
		{78A96FC4-9C12-4FE2-BFB6-A48EE0F7FC07}.Debug|Any CPU.Build.0 = Debug|Any CPU
		{78A96FC4-9C12-4FE2-BFB6-A48EE0F7FC07}.Debug|ARM.ActiveCfg = Debug|Any CPU
		{78A96FC4-9C12-4FE2-BFB6-A48EE0F7FC07}.Debug|ARM.Build.0 = Debug|Any CPU
		{78A96FC4-9C12-4FE2-BFB6-A48EE0F7FC07}.Debug|ARM64.ActiveCfg = Debug|Any CPU
		{78A96FC4-9C12-4FE2-BFB6-A48EE0F7FC07}.Debug|ARM64.Build.0 = Debug|Any CPU
		{78A96FC4-9C12-4FE2-BFB6-A48EE0F7FC07}.Debug|x64.ActiveCfg = Debug|Any CPU
		{78A96FC4-9C12-4FE2-BFB6-A48EE0F7FC07}.Debug|x64.Build.0 = Debug|Any CPU
		{78A96FC4-9C12-4FE2-BFB6-A48EE0F7FC07}.Debug|x86.ActiveCfg = Debug|Any CPU
		{78A96FC4-9C12-4FE2-BFB6-A48EE0F7FC07}.Debug|x86.Build.0 = Debug|Any CPU
		{78A96FC4-9C12-4FE2-BFB6-A48EE0F7FC07}.Release|Any CPU.ActiveCfg = Release|Any CPU
		{78A96FC4-9C12-4FE2-BFB6-A48EE0F7FC07}.Release|Any CPU.Build.0 = Release|Any CPU
		{78A96FC4-9C12-4FE2-BFB6-A48EE0F7FC07}.Release|ARM.ActiveCfg = Release|Any CPU
		{78A96FC4-9C12-4FE2-BFB6-A48EE0F7FC07}.Release|ARM.Build.0 = Release|Any CPU
		{78A96FC4-9C12-4FE2-BFB6-A48EE0F7FC07}.Release|ARM64.ActiveCfg = Release|Any CPU
		{78A96FC4-9C12-4FE2-BFB6-A48EE0F7FC07}.Release|ARM64.Build.0 = Release|Any CPU
		{78A96FC4-9C12-4FE2-BFB6-A48EE0F7FC07}.Release|x64.ActiveCfg = Release|Any CPU
		{78A96FC4-9C12-4FE2-BFB6-A48EE0F7FC07}.Release|x64.Build.0 = Release|Any CPU
		{78A96FC4-9C12-4FE2-BFB6-A48EE0F7FC07}.Release|x86.ActiveCfg = Release|Any CPU
		{78A96FC4-9C12-4FE2-BFB6-A48EE0F7FC07}.Release|x86.Build.0 = Release|Any CPU
		{99DAEEFA-01FC-4284-93D2-6AAD259DBEE6}.Debug|Any CPU.ActiveCfg = Debug|Any CPU
		{99DAEEFA-01FC-4284-93D2-6AAD259DBEE6}.Debug|Any CPU.Build.0 = Debug|Any CPU
		{99DAEEFA-01FC-4284-93D2-6AAD259DBEE6}.Debug|ARM.ActiveCfg = Debug|Any CPU
		{99DAEEFA-01FC-4284-93D2-6AAD259DBEE6}.Debug|ARM.Build.0 = Debug|Any CPU
		{99DAEEFA-01FC-4284-93D2-6AAD259DBEE6}.Debug|ARM64.ActiveCfg = Debug|Any CPU
		{99DAEEFA-01FC-4284-93D2-6AAD259DBEE6}.Debug|ARM64.Build.0 = Debug|Any CPU
		{99DAEEFA-01FC-4284-93D2-6AAD259DBEE6}.Debug|x64.ActiveCfg = Debug|Any CPU
		{99DAEEFA-01FC-4284-93D2-6AAD259DBEE6}.Debug|x64.Build.0 = Debug|Any CPU
		{99DAEEFA-01FC-4284-93D2-6AAD259DBEE6}.Debug|x86.ActiveCfg = Debug|Any CPU
		{99DAEEFA-01FC-4284-93D2-6AAD259DBEE6}.Debug|x86.Build.0 = Debug|Any CPU
		{99DAEEFA-01FC-4284-93D2-6AAD259DBEE6}.Release|Any CPU.ActiveCfg = Release|Any CPU
		{99DAEEFA-01FC-4284-93D2-6AAD259DBEE6}.Release|Any CPU.Build.0 = Release|Any CPU
		{99DAEEFA-01FC-4284-93D2-6AAD259DBEE6}.Release|ARM.ActiveCfg = Release|Any CPU
		{99DAEEFA-01FC-4284-93D2-6AAD259DBEE6}.Release|ARM.Build.0 = Release|Any CPU
		{99DAEEFA-01FC-4284-93D2-6AAD259DBEE6}.Release|ARM64.ActiveCfg = Release|Any CPU
		{99DAEEFA-01FC-4284-93D2-6AAD259DBEE6}.Release|ARM64.Build.0 = Release|Any CPU
		{99DAEEFA-01FC-4284-93D2-6AAD259DBEE6}.Release|x64.ActiveCfg = Release|Any CPU
		{99DAEEFA-01FC-4284-93D2-6AAD259DBEE6}.Release|x64.Build.0 = Release|Any CPU
		{99DAEEFA-01FC-4284-93D2-6AAD259DBEE6}.Release|x86.ActiveCfg = Release|Any CPU
		{99DAEEFA-01FC-4284-93D2-6AAD259DBEE6}.Release|x86.Build.0 = Release|Any CPU
		{6C77F5DF-0F47-46F1-982B-82AE8A39AD8F}.Debug|Any CPU.ActiveCfg = Debug|Any CPU
		{6C77F5DF-0F47-46F1-982B-82AE8A39AD8F}.Debug|Any CPU.Build.0 = Debug|Any CPU
		{6C77F5DF-0F47-46F1-982B-82AE8A39AD8F}.Debug|ARM.ActiveCfg = Debug|Any CPU
		{6C77F5DF-0F47-46F1-982B-82AE8A39AD8F}.Debug|ARM.Build.0 = Debug|Any CPU
		{6C77F5DF-0F47-46F1-982B-82AE8A39AD8F}.Debug|ARM64.ActiveCfg = Debug|Any CPU
		{6C77F5DF-0F47-46F1-982B-82AE8A39AD8F}.Debug|ARM64.Build.0 = Debug|Any CPU
		{6C77F5DF-0F47-46F1-982B-82AE8A39AD8F}.Debug|x64.ActiveCfg = Debug|Any CPU
		{6C77F5DF-0F47-46F1-982B-82AE8A39AD8F}.Debug|x64.Build.0 = Debug|Any CPU
		{6C77F5DF-0F47-46F1-982B-82AE8A39AD8F}.Debug|x86.ActiveCfg = Debug|Any CPU
		{6C77F5DF-0F47-46F1-982B-82AE8A39AD8F}.Debug|x86.Build.0 = Debug|Any CPU
		{6C77F5DF-0F47-46F1-982B-82AE8A39AD8F}.Release|Any CPU.ActiveCfg = Release|Any CPU
		{6C77F5DF-0F47-46F1-982B-82AE8A39AD8F}.Release|Any CPU.Build.0 = Release|Any CPU
		{6C77F5DF-0F47-46F1-982B-82AE8A39AD8F}.Release|ARM.ActiveCfg = Release|Any CPU
		{6C77F5DF-0F47-46F1-982B-82AE8A39AD8F}.Release|ARM.Build.0 = Release|Any CPU
		{6C77F5DF-0F47-46F1-982B-82AE8A39AD8F}.Release|ARM64.ActiveCfg = Release|Any CPU
		{6C77F5DF-0F47-46F1-982B-82AE8A39AD8F}.Release|ARM64.Build.0 = Release|Any CPU
		{6C77F5DF-0F47-46F1-982B-82AE8A39AD8F}.Release|x64.ActiveCfg = Release|Any CPU
		{6C77F5DF-0F47-46F1-982B-82AE8A39AD8F}.Release|x64.Build.0 = Release|Any CPU
		{6C77F5DF-0F47-46F1-982B-82AE8A39AD8F}.Release|x86.ActiveCfg = Release|Any CPU
		{6C77F5DF-0F47-46F1-982B-82AE8A39AD8F}.Release|x86.Build.0 = Release|Any CPU
		{9B928303-D7C0-49C9-B7D7-9C451D2D4060}.Debug|Any CPU.ActiveCfg = Debug|Any CPU
		{9B928303-D7C0-49C9-B7D7-9C451D2D4060}.Debug|Any CPU.Build.0 = Debug|Any CPU
		{9B928303-D7C0-49C9-B7D7-9C451D2D4060}.Debug|ARM.ActiveCfg = Debug|Any CPU
		{9B928303-D7C0-49C9-B7D7-9C451D2D4060}.Debug|ARM.Build.0 = Debug|Any CPU
		{9B928303-D7C0-49C9-B7D7-9C451D2D4060}.Debug|ARM64.ActiveCfg = Debug|Any CPU
		{9B928303-D7C0-49C9-B7D7-9C451D2D4060}.Debug|ARM64.Build.0 = Debug|Any CPU
		{9B928303-D7C0-49C9-B7D7-9C451D2D4060}.Debug|x64.ActiveCfg = Debug|x64
		{9B928303-D7C0-49C9-B7D7-9C451D2D4060}.Debug|x64.Build.0 = Debug|x64
		{9B928303-D7C0-49C9-B7D7-9C451D2D4060}.Debug|x86.ActiveCfg = Debug|x86
		{9B928303-D7C0-49C9-B7D7-9C451D2D4060}.Debug|x86.Build.0 = Debug|x86
		{9B928303-D7C0-49C9-B7D7-9C451D2D4060}.Release|Any CPU.ActiveCfg = Release|Any CPU
		{9B928303-D7C0-49C9-B7D7-9C451D2D4060}.Release|Any CPU.Build.0 = Release|Any CPU
		{9B928303-D7C0-49C9-B7D7-9C451D2D4060}.Release|ARM.ActiveCfg = Release|Any CPU
		{9B928303-D7C0-49C9-B7D7-9C451D2D4060}.Release|ARM.Build.0 = Release|Any CPU
		{9B928303-D7C0-49C9-B7D7-9C451D2D4060}.Release|ARM64.ActiveCfg = Release|Any CPU
		{9B928303-D7C0-49C9-B7D7-9C451D2D4060}.Release|ARM64.Build.0 = Release|Any CPU
		{9B928303-D7C0-49C9-B7D7-9C451D2D4060}.Release|x64.ActiveCfg = Release|x64
		{9B928303-D7C0-49C9-B7D7-9C451D2D4060}.Release|x64.Build.0 = Release|x64
		{9B928303-D7C0-49C9-B7D7-9C451D2D4060}.Release|x86.ActiveCfg = Release|x86
		{9B928303-D7C0-49C9-B7D7-9C451D2D4060}.Release|x86.Build.0 = Release|x86
		{ECDE01B1-077F-4F42-A387-EA56EE95F91C}.Debug|Any CPU.ActiveCfg = Debug|Any CPU
		{ECDE01B1-077F-4F42-A387-EA56EE95F91C}.Debug|Any CPU.Build.0 = Debug|Any CPU
		{ECDE01B1-077F-4F42-A387-EA56EE95F91C}.Debug|ARM.ActiveCfg = Debug|Any CPU
		{ECDE01B1-077F-4F42-A387-EA56EE95F91C}.Debug|ARM.Build.0 = Debug|Any CPU
		{ECDE01B1-077F-4F42-A387-EA56EE95F91C}.Debug|ARM64.ActiveCfg = Debug|Any CPU
		{ECDE01B1-077F-4F42-A387-EA56EE95F91C}.Debug|ARM64.Build.0 = Debug|Any CPU
		{ECDE01B1-077F-4F42-A387-EA56EE95F91C}.Debug|x64.ActiveCfg = Debug|Any CPU
		{ECDE01B1-077F-4F42-A387-EA56EE95F91C}.Debug|x64.Build.0 = Debug|Any CPU
		{ECDE01B1-077F-4F42-A387-EA56EE95F91C}.Debug|x86.ActiveCfg = Debug|Any CPU
		{ECDE01B1-077F-4F42-A387-EA56EE95F91C}.Debug|x86.Build.0 = Debug|Any CPU
		{ECDE01B1-077F-4F42-A387-EA56EE95F91C}.Release|Any CPU.ActiveCfg = Release|Any CPU
		{ECDE01B1-077F-4F42-A387-EA56EE95F91C}.Release|Any CPU.Build.0 = Release|Any CPU
		{ECDE01B1-077F-4F42-A387-EA56EE95F91C}.Release|ARM.ActiveCfg = Release|Any CPU
		{ECDE01B1-077F-4F42-A387-EA56EE95F91C}.Release|ARM.Build.0 = Release|Any CPU
		{ECDE01B1-077F-4F42-A387-EA56EE95F91C}.Release|ARM64.ActiveCfg = Release|Any CPU
		{ECDE01B1-077F-4F42-A387-EA56EE95F91C}.Release|ARM64.Build.0 = Release|Any CPU
		{ECDE01B1-077F-4F42-A387-EA56EE95F91C}.Release|x64.ActiveCfg = Release|Any CPU
		{ECDE01B1-077F-4F42-A387-EA56EE95F91C}.Release|x64.Build.0 = Release|Any CPU
		{ECDE01B1-077F-4F42-A387-EA56EE95F91C}.Release|x86.ActiveCfg = Release|Any CPU
		{ECDE01B1-077F-4F42-A387-EA56EE95F91C}.Release|x86.Build.0 = Release|Any CPU
		{29E47515-CE28-4D06-87F4-0DC52F6AD67E}.Debug|Any CPU.ActiveCfg = Debug|Any CPU
		{29E47515-CE28-4D06-87F4-0DC52F6AD67E}.Debug|Any CPU.Build.0 = Debug|Any CPU
		{29E47515-CE28-4D06-87F4-0DC52F6AD67E}.Debug|ARM.ActiveCfg = Debug|Any CPU
		{29E47515-CE28-4D06-87F4-0DC52F6AD67E}.Debug|ARM.Build.0 = Debug|Any CPU
		{29E47515-CE28-4D06-87F4-0DC52F6AD67E}.Debug|ARM64.ActiveCfg = Debug|Any CPU
		{29E47515-CE28-4D06-87F4-0DC52F6AD67E}.Debug|ARM64.Build.0 = Debug|Any CPU
		{29E47515-CE28-4D06-87F4-0DC52F6AD67E}.Debug|x64.ActiveCfg = Debug|Any CPU
		{29E47515-CE28-4D06-87F4-0DC52F6AD67E}.Debug|x64.Build.0 = Debug|Any CPU
		{29E47515-CE28-4D06-87F4-0DC52F6AD67E}.Debug|x86.ActiveCfg = Debug|Any CPU
		{29E47515-CE28-4D06-87F4-0DC52F6AD67E}.Debug|x86.Build.0 = Debug|Any CPU
		{29E47515-CE28-4D06-87F4-0DC52F6AD67E}.Release|Any CPU.ActiveCfg = Release|Any CPU
		{29E47515-CE28-4D06-87F4-0DC52F6AD67E}.Release|Any CPU.Build.0 = Release|Any CPU
		{29E47515-CE28-4D06-87F4-0DC52F6AD67E}.Release|ARM.ActiveCfg = Release|Any CPU
		{29E47515-CE28-4D06-87F4-0DC52F6AD67E}.Release|ARM.Build.0 = Release|Any CPU
		{29E47515-CE28-4D06-87F4-0DC52F6AD67E}.Release|ARM64.ActiveCfg = Release|Any CPU
		{29E47515-CE28-4D06-87F4-0DC52F6AD67E}.Release|ARM64.Build.0 = Release|Any CPU
		{29E47515-CE28-4D06-87F4-0DC52F6AD67E}.Release|x64.ActiveCfg = Release|Any CPU
		{29E47515-CE28-4D06-87F4-0DC52F6AD67E}.Release|x64.Build.0 = Release|Any CPU
		{29E47515-CE28-4D06-87F4-0DC52F6AD67E}.Release|x86.ActiveCfg = Release|Any CPU
		{29E47515-CE28-4D06-87F4-0DC52F6AD67E}.Release|x86.Build.0 = Release|Any CPU
		{8C2E8745-9AD5-4C8E-A6D1-E925D4389D2D}.Debug|Any CPU.ActiveCfg = Debug|Any CPU
		{8C2E8745-9AD5-4C8E-A6D1-E925D4389D2D}.Debug|Any CPU.Build.0 = Debug|Any CPU
		{8C2E8745-9AD5-4C8E-A6D1-E925D4389D2D}.Debug|ARM.ActiveCfg = Debug|Any CPU
		{8C2E8745-9AD5-4C8E-A6D1-E925D4389D2D}.Debug|ARM.Build.0 = Debug|Any CPU
		{8C2E8745-9AD5-4C8E-A6D1-E925D4389D2D}.Debug|ARM64.ActiveCfg = Debug|Any CPU
		{8C2E8745-9AD5-4C8E-A6D1-E925D4389D2D}.Debug|ARM64.Build.0 = Debug|Any CPU
		{8C2E8745-9AD5-4C8E-A6D1-E925D4389D2D}.Debug|x64.ActiveCfg = Debug|Any CPU
		{8C2E8745-9AD5-4C8E-A6D1-E925D4389D2D}.Debug|x64.Build.0 = Debug|Any CPU
		{8C2E8745-9AD5-4C8E-A6D1-E925D4389D2D}.Debug|x86.ActiveCfg = Debug|Any CPU
		{8C2E8745-9AD5-4C8E-A6D1-E925D4389D2D}.Debug|x86.Build.0 = Debug|Any CPU
		{8C2E8745-9AD5-4C8E-A6D1-E925D4389D2D}.Release|Any CPU.ActiveCfg = Release|Any CPU
		{8C2E8745-9AD5-4C8E-A6D1-E925D4389D2D}.Release|Any CPU.Build.0 = Release|Any CPU
		{8C2E8745-9AD5-4C8E-A6D1-E925D4389D2D}.Release|ARM.ActiveCfg = Release|Any CPU
		{8C2E8745-9AD5-4C8E-A6D1-E925D4389D2D}.Release|ARM.Build.0 = Release|Any CPU
		{8C2E8745-9AD5-4C8E-A6D1-E925D4389D2D}.Release|ARM64.ActiveCfg = Release|Any CPU
		{8C2E8745-9AD5-4C8E-A6D1-E925D4389D2D}.Release|ARM64.Build.0 = Release|Any CPU
		{8C2E8745-9AD5-4C8E-A6D1-E925D4389D2D}.Release|x64.ActiveCfg = Release|Any CPU
		{8C2E8745-9AD5-4C8E-A6D1-E925D4389D2D}.Release|x64.Build.0 = Release|Any CPU
		{8C2E8745-9AD5-4C8E-A6D1-E925D4389D2D}.Release|x86.ActiveCfg = Release|Any CPU
		{8C2E8745-9AD5-4C8E-A6D1-E925D4389D2D}.Release|x86.Build.0 = Release|Any CPU
		{58194CD0-597F-4368-844D-812107DC9339}.Debug|Any CPU.ActiveCfg = Debug|Any CPU
		{58194CD0-597F-4368-844D-812107DC9339}.Debug|Any CPU.Build.0 = Debug|Any CPU
		{58194CD0-597F-4368-844D-812107DC9339}.Debug|ARM.ActiveCfg = Debug|Any CPU
		{58194CD0-597F-4368-844D-812107DC9339}.Debug|ARM.Build.0 = Debug|Any CPU
		{58194CD0-597F-4368-844D-812107DC9339}.Debug|ARM64.ActiveCfg = Debug|Any CPU
		{58194CD0-597F-4368-844D-812107DC9339}.Debug|ARM64.Build.0 = Debug|Any CPU
		{58194CD0-597F-4368-844D-812107DC9339}.Debug|x64.ActiveCfg = Debug|Any CPU
		{58194CD0-597F-4368-844D-812107DC9339}.Debug|x64.Build.0 = Debug|Any CPU
		{58194CD0-597F-4368-844D-812107DC9339}.Debug|x86.ActiveCfg = Debug|Any CPU
		{58194CD0-597F-4368-844D-812107DC9339}.Debug|x86.Build.0 = Debug|Any CPU
		{58194CD0-597F-4368-844D-812107DC9339}.Release|Any CPU.ActiveCfg = Release|Any CPU
		{58194CD0-597F-4368-844D-812107DC9339}.Release|Any CPU.Build.0 = Release|Any CPU
		{58194CD0-597F-4368-844D-812107DC9339}.Release|ARM.ActiveCfg = Release|Any CPU
		{58194CD0-597F-4368-844D-812107DC9339}.Release|ARM.Build.0 = Release|Any CPU
		{58194CD0-597F-4368-844D-812107DC9339}.Release|ARM64.ActiveCfg = Release|Any CPU
		{58194CD0-597F-4368-844D-812107DC9339}.Release|ARM64.Build.0 = Release|Any CPU
		{58194CD0-597F-4368-844D-812107DC9339}.Release|x64.ActiveCfg = Release|Any CPU
		{58194CD0-597F-4368-844D-812107DC9339}.Release|x64.Build.0 = Release|Any CPU
		{58194CD0-597F-4368-844D-812107DC9339}.Release|x86.ActiveCfg = Release|Any CPU
		{58194CD0-597F-4368-844D-812107DC9339}.Release|x86.Build.0 = Release|Any CPU
		{853390C4-62A1-4A60-AF0A-96D3137BBA9A}.Debug|Any CPU.ActiveCfg = Debug|Any CPU
		{853390C4-62A1-4A60-AF0A-96D3137BBA9A}.Debug|Any CPU.Build.0 = Debug|Any CPU
		{853390C4-62A1-4A60-AF0A-96D3137BBA9A}.Debug|ARM.ActiveCfg = Debug|Any CPU
		{853390C4-62A1-4A60-AF0A-96D3137BBA9A}.Debug|ARM.Build.0 = Debug|Any CPU
		{853390C4-62A1-4A60-AF0A-96D3137BBA9A}.Debug|ARM64.ActiveCfg = Debug|Any CPU
		{853390C4-62A1-4A60-AF0A-96D3137BBA9A}.Debug|ARM64.Build.0 = Debug|Any CPU
		{853390C4-62A1-4A60-AF0A-96D3137BBA9A}.Debug|x64.ActiveCfg = Debug|x64
		{853390C4-62A1-4A60-AF0A-96D3137BBA9A}.Debug|x64.Build.0 = Debug|x64
		{853390C4-62A1-4A60-AF0A-96D3137BBA9A}.Debug|x86.ActiveCfg = Debug|x86
		{853390C4-62A1-4A60-AF0A-96D3137BBA9A}.Debug|x86.Build.0 = Debug|x86
		{853390C4-62A1-4A60-AF0A-96D3137BBA9A}.Release|Any CPU.ActiveCfg = Release|Any CPU
		{853390C4-62A1-4A60-AF0A-96D3137BBA9A}.Release|Any CPU.Build.0 = Release|Any CPU
		{853390C4-62A1-4A60-AF0A-96D3137BBA9A}.Release|ARM.ActiveCfg = Release|Any CPU
		{853390C4-62A1-4A60-AF0A-96D3137BBA9A}.Release|ARM.Build.0 = Release|Any CPU
		{853390C4-62A1-4A60-AF0A-96D3137BBA9A}.Release|ARM64.ActiveCfg = Release|Any CPU
		{853390C4-62A1-4A60-AF0A-96D3137BBA9A}.Release|ARM64.Build.0 = Release|Any CPU
		{853390C4-62A1-4A60-AF0A-96D3137BBA9A}.Release|x64.ActiveCfg = Release|x64
		{853390C4-62A1-4A60-AF0A-96D3137BBA9A}.Release|x64.Build.0 = Release|x64
		{853390C4-62A1-4A60-AF0A-96D3137BBA9A}.Release|x86.ActiveCfg = Release|x86
		{853390C4-62A1-4A60-AF0A-96D3137BBA9A}.Release|x86.Build.0 = Release|x86
	EndGlobalSection
	GlobalSection(SolutionProperties) = preSolution
		HideSolutionNode = FALSE
	EndGlobalSection
	GlobalSection(ExtensibilityGlobals) = postSolution
		SolutionGuid = {B0B4039E-D23D-43A3-8058-648EBD28DC90}
	EndGlobalSection
EndGlobal
