
Microsoft Visual Studio Solution File, Format Version 12.00
# Visual Studio Version 16
VisualStudioVersion = 16.0.29519.87
MinimumVisualStudioVersion = 10.0.40219.1
Project("{2150E333-8FDC-42A3-9474-1A3956D46DE8}") = "Framework", "Framework", "{9B85BBA9-2FC7-4BFE-B2CC-BC9E6E342E27}"
EndProject
Project("{2150E333-8FDC-42A3-9474-1A3956D46DE8}") = "Gem", "Gem", "{762300F3-BF4D-4E34-80C1-9158432B0EE8}"
EndProject
Project("{2150E333-8FDC-42A3-9474-1A3956D46DE8}") = "Amkor", "Amkor", "{B48F2DAB-C2FA-405C-8202-3B2B3B158EFA}"
EndProject
Project("{2150E333-8FDC-42A3-9474-1A3956D46DE8}") = "Sdi", "Sdi", "{BF27DF55-5DB3-4943-80C7-79A71C171750}"
EndProject
Project("{2150E333-8FDC-42A3-9474-1A3956D46DE8}") = "Sec", "Sec", "{D702D993-5959-4AE4-A239-D14B41CD7539}"
EndProject
Project("{2150E333-8FDC-42A3-9474-1A3956D46DE8}") = "Object", "Object", "{572205B0-BDEE-42A6-A610-9578C5A6EFB9}"
EndProject
Project("{FAE04EC0-301F-11D3-BF4B-00C04F79EFBC}") = "Object", "Framework\Object\Object.csproj", "{78A96FC4-9C12-4FE2-BFB6-A48EE0F7FC07}"
EndProject
Project("{FAE04EC0-301F-11D3-BF4B-00C04F79EFBC}") = "Gem", "Framework\Gem\Gem.csproj", "{E28C012E-B793-4966-8A17-5C44D9670926}"
EndProject
Project("{FAE04EC0-301F-11D3-BF4B-00C04F79EFBC}") = "Sec", "Framework\Gem\Sec\Sec.csproj", "{01F27D11-4494-4DD8-9019-F8069480D549}"
EndProject
Project("{2150E333-8FDC-42A3-9474-1A3956D46DE8}") = "Test", "Test", "{3CB99DA2-4B84-4510-B005-8B8DD7989E72}"
EndProject
Project("{2150E333-8FDC-42A3-9474-1A3956D46DE8}") = "MTS", "MTS", "{5B35EAD3-C61A-4E02-A902-C240CE250C94}"
EndProject
Project("{2150E333-8FDC-42A3-9474-1A3956D46DE8}") = "IBSEM", "IBSEM", "{81DD5FA4-D374-4F30-ABE3-A7FC5164903F}"
EndProject
Project("{FAE04EC0-301F-11D3-BF4B-00C04F79EFBC}") = "IBSEM", "Framework\IBSEM\IBSEM.csproj", "{871A0311-F232-458C-85FA-8FBB5C4EA859}"
EndProject
Project("{2150E333-8FDC-42A3-9474-1A3956D46DE8}") = "Web", "Web", "{71FCB605-59CF-4427-86C3-018A4C3FD20F}"
EndProject
Project("{2150E333-8FDC-42A3-9474-1A3956D46DE8}") = "Parser", "Parser", "{E2FF7B4B-119A-4C6E-886D-FC353C8E3960}"
EndProject
Project("{2150E333-8FDC-42A3-9474-1A3956D46DE8}") = "JSON", "JSON", "{221CC296-E0FE-431E-8FBB-9475FC9BD7E8}"
EndProject
Project("{2150E333-8FDC-42A3-9474-1A3956D46DE8}") = "Device", "Device", "{097A4731-4042-48F5-8A02-4A5FE06870F8}"
EndProject
Project("{2150E333-8FDC-42A3-9474-1A3956D46DE8}") = "Driver", "Driver", "{29DBF870-1159-4915-A6F2-23C54ABA81B8}"
EndProject
Project("{2150E333-8FDC-42A3-9474-1A3956D46DE8}") = "UR", "UR", "{C3A54077-3F98-4027-98AF-3794E243040F}"
EndProject
Project("{2150E333-8FDC-42A3-9474-1A3956D46DE8}") = "Robot", "Robot", "{5B2A150E-F495-4EE6-B47F-E9D585FA5A05}"
EndProject
Project("{FAE04EC0-301F-11D3-BF4B-00C04F79EFBC}") = "UniversalRobot", "Framework\Device\Driver\UR\Robot\UniversalRobot.csproj", "{DD76683A-D538-43B6-ABE8-48276E6D53E0}"
EndProject
Project("{2150E333-8FDC-42A3-9474-1A3956D46DE8}") = "Gui", "Gui", "{41E82FF1-69B1-44D2-AE06-D0A2E4EC1AB3}"
EndProject
Project("{FAE04EC0-301F-11D3-BF4B-00C04F79EFBC}") = "Gui", "Framework\Gui\Gui.csproj", "{A99D28FE-781B-4AFD-814A-B8E50FBF9492}"
EndProject
Global
	GlobalSection(SolutionConfigurationPlatforms) = preSolution
		64bit|Any CPU = 64bit|Any CPU
		64bit|x64 = 64bit|x64
		Debug|Any CPU = Debug|Any CPU
		Debug|x64 = Debug|x64
		Release|Any CPU = Release|Any CPU
		Release|x64 = Release|x64
	EndGlobalSection
	GlobalSection(ProjectConfigurationPlatforms) = postSolution
		{78A96FC4-9C12-4FE2-BFB6-A48EE0F7FC07}.64bit|Any CPU.ActiveCfg = Release|Any CPU
		{78A96FC4-9C12-4FE2-BFB6-A48EE0F7FC07}.64bit|Any CPU.Build.0 = Release|Any CPU
		{78A96FC4-9C12-4FE2-BFB6-A48EE0F7FC07}.64bit|x64.ActiveCfg = Release|Any CPU
		{78A96FC4-9C12-4FE2-BFB6-A48EE0F7FC07}.64bit|x64.Build.0 = Release|Any CPU
		{78A96FC4-9C12-4FE2-BFB6-A48EE0F7FC07}.Debug|Any CPU.ActiveCfg = Debug|Any CPU
		{78A96FC4-9C12-4FE2-BFB6-A48EE0F7FC07}.Debug|Any CPU.Build.0 = Debug|Any CPU
		{78A96FC4-9C12-4FE2-BFB6-A48EE0F7FC07}.Debug|x64.ActiveCfg = Debug|Any CPU
		{78A96FC4-9C12-4FE2-BFB6-A48EE0F7FC07}.Debug|x64.Build.0 = Debug|Any CPU
		{78A96FC4-9C12-4FE2-BFB6-A48EE0F7FC07}.Release|Any CPU.ActiveCfg = Release|Any CPU
		{78A96FC4-9C12-4FE2-BFB6-A48EE0F7FC07}.Release|Any CPU.Build.0 = Release|Any CPU
		{78A96FC4-9C12-4FE2-BFB6-A48EE0F7FC07}.Release|x64.ActiveCfg = Release|Any CPU
		{78A96FC4-9C12-4FE2-BFB6-A48EE0F7FC07}.Release|x64.Build.0 = Release|Any CPU
		{E28C012E-B793-4966-8A17-5C44D9670926}.64bit|Any CPU.ActiveCfg = Release|Any CPU
		{E28C012E-B793-4966-8A17-5C44D9670926}.64bit|Any CPU.Build.0 = Release|Any CPU
		{E28C012E-B793-4966-8A17-5C44D9670926}.64bit|x64.ActiveCfg = Release|Any CPU
		{E28C012E-B793-4966-8A17-5C44D9670926}.64bit|x64.Build.0 = Release|Any CPU
		{E28C012E-B793-4966-8A17-5C44D9670926}.Debug|Any CPU.ActiveCfg = Debug|Any CPU
		{E28C012E-B793-4966-8A17-5C44D9670926}.Debug|Any CPU.Build.0 = Debug|Any CPU
		{E28C012E-B793-4966-8A17-5C44D9670926}.Debug|x64.ActiveCfg = Debug|Any CPU
		{E28C012E-B793-4966-8A17-5C44D9670926}.Debug|x64.Build.0 = Debug|Any CPU
		{E28C012E-B793-4966-8A17-5C44D9670926}.Release|Any CPU.ActiveCfg = Release|Any CPU
		{E28C012E-B793-4966-8A17-5C44D9670926}.Release|Any CPU.Build.0 = Release|Any CPU
		{E28C012E-B793-4966-8A17-5C44D9670926}.Release|x64.ActiveCfg = Release|Any CPU
		{E28C012E-B793-4966-8A17-5C44D9670926}.Release|x64.Build.0 = Release|Any CPU
		{01F27D11-4494-4DD8-9019-F8069480D549}.64bit|Any CPU.ActiveCfg = Release|Any CPU
		{01F27D11-4494-4DD8-9019-F8069480D549}.64bit|Any CPU.Build.0 = Release|Any CPU
		{01F27D11-4494-4DD8-9019-F8069480D549}.64bit|x64.ActiveCfg = Release|Any CPU
		{01F27D11-4494-4DD8-9019-F8069480D549}.64bit|x64.Build.0 = Release|Any CPU
		{01F27D11-4494-4DD8-9019-F8069480D549}.Debug|Any CPU.ActiveCfg = Debug|Any CPU
		{01F27D11-4494-4DD8-9019-F8069480D549}.Debug|Any CPU.Build.0 = Debug|Any CPU
		{01F27D11-4494-4DD8-9019-F8069480D549}.Debug|x64.ActiveCfg = Debug|Any CPU
		{01F27D11-4494-4DD8-9019-F8069480D549}.Debug|x64.Build.0 = Debug|Any CPU
		{01F27D11-4494-4DD8-9019-F8069480D549}.Release|Any CPU.ActiveCfg = Release|Any CPU
		{01F27D11-4494-4DD8-9019-F8069480D549}.Release|Any CPU.Build.0 = Release|Any CPU
		{01F27D11-4494-4DD8-9019-F8069480D549}.Release|x64.ActiveCfg = Release|Any CPU
		{01F27D11-4494-4DD8-9019-F8069480D549}.Release|x64.Build.0 = Release|Any CPU
		{871A0311-F232-458C-85FA-8FBB5C4EA859}.64bit|Any CPU.ActiveCfg = Release|Any CPU
		{871A0311-F232-458C-85FA-8FBB5C4EA859}.64bit|Any CPU.Build.0 = Release|Any CPU
		{871A0311-F232-458C-85FA-8FBB5C4EA859}.64bit|x64.ActiveCfg = Release|Any CPU
		{871A0311-F232-458C-85FA-8FBB5C4EA859}.64bit|x64.Build.0 = Release|Any CPU
		{871A0311-F232-458C-85FA-8FBB5C4EA859}.Debug|Any CPU.ActiveCfg = Debug|Any CPU
		{871A0311-F232-458C-85FA-8FBB5C4EA859}.Debug|Any CPU.Build.0 = Debug|Any CPU
		{871A0311-F232-458C-85FA-8FBB5C4EA859}.Debug|x64.ActiveCfg = Debug|Any CPU
		{871A0311-F232-458C-85FA-8FBB5C4EA859}.Debug|x64.Build.0 = Debug|Any CPU
		{871A0311-F232-458C-85FA-8FBB5C4EA859}.Release|Any CPU.ActiveCfg = Release|Any CPU
		{871A0311-F232-458C-85FA-8FBB5C4EA859}.Release|Any CPU.Build.0 = Release|Any CPU
		{871A0311-F232-458C-85FA-8FBB5C4EA859}.Release|x64.ActiveCfg = Release|Any CPU
		{871A0311-F232-458C-85FA-8FBB5C4EA859}.Release|x64.Build.0 = Release|Any CPU
		{DD76683A-D538-43B6-ABE8-48276E6D53E0}.64bit|Any CPU.ActiveCfg = Release|Any CPU
		{DD76683A-D538-43B6-ABE8-48276E6D53E0}.64bit|Any CPU.Build.0 = Release|Any CPU
		{DD76683A-D538-43B6-ABE8-48276E6D53E0}.64bit|x64.ActiveCfg = Release|Any CPU
		{DD76683A-D538-43B6-ABE8-48276E6D53E0}.64bit|x64.Build.0 = Release|Any CPU
		{DD76683A-D538-43B6-ABE8-48276E6D53E0}.Debug|Any CPU.ActiveCfg = Debug|Any CPU
		{DD76683A-D538-43B6-ABE8-48276E6D53E0}.Debug|Any CPU.Build.0 = Debug|Any CPU
		{DD76683A-D538-43B6-ABE8-48276E6D53E0}.Debug|x64.ActiveCfg = Debug|Any CPU
		{DD76683A-D538-43B6-ABE8-48276E6D53E0}.Debug|x64.Build.0 = Debug|Any CPU
		{DD76683A-D538-43B6-ABE8-48276E6D53E0}.Release|Any CPU.ActiveCfg = Release|Any CPU
		{DD76683A-D538-43B6-ABE8-48276E6D53E0}.Release|Any CPU.Build.0 = Release|Any CPU
		{DD76683A-D538-43B6-ABE8-48276E6D53E0}.Release|x64.ActiveCfg = Release|Any CPU
		{DD76683A-D538-43B6-ABE8-48276E6D53E0}.Release|x64.Build.0 = Release|Any CPU
		{A99D28FE-781B-4AFD-814A-B8E50FBF9492}.64bit|Any CPU.ActiveCfg = Release|Any CPU
		{A99D28FE-781B-4AFD-814A-B8E50FBF9492}.64bit|Any CPU.Build.0 = Release|Any CPU
		{A99D28FE-781B-4AFD-814A-B8E50FBF9492}.64bit|x64.ActiveCfg = Release|Any CPU
		{A99D28FE-781B-4AFD-814A-B8E50FBF9492}.64bit|x64.Build.0 = Release|Any CPU
		{A99D28FE-781B-4AFD-814A-B8E50FBF9492}.Debug|Any CPU.ActiveCfg = Debug|Any CPU
		{A99D28FE-781B-4AFD-814A-B8E50FBF9492}.Debug|Any CPU.Build.0 = Debug|Any CPU
		{A99D28FE-781B-4AFD-814A-B8E50FBF9492}.Debug|x64.ActiveCfg = Debug|Any CPU
		{A99D28FE-781B-4AFD-814A-B8E50FBF9492}.Debug|x64.Build.0 = Debug|Any CPU
		{A99D28FE-781B-4AFD-814A-B8E50FBF9492}.Release|Any CPU.ActiveCfg = Release|Any CPU
		{A99D28FE-781B-4AFD-814A-B8E50FBF9492}.Release|Any CPU.Build.0 = Release|Any CPU
		{A99D28FE-781B-4AFD-814A-B8E50FBF9492}.Release|x64.ActiveCfg = Release|Any CPU
		{A99D28FE-781B-4AFD-814A-B8E50FBF9492}.Release|x64.Build.0 = Release|Any CPU
	EndGlobalSection
	GlobalSection(SolutionProperties) = preSolution
		HideSolutionNode = FALSE
	EndGlobalSection
	GlobalSection(NestedProjects) = preSolution
		{762300F3-BF4D-4E34-80C1-9158432B0EE8} = {9B85BBA9-2FC7-4BFE-B2CC-BC9E6E342E27}
		{B48F2DAB-C2FA-405C-8202-3B2B3B158EFA} = {762300F3-BF4D-4E34-80C1-9158432B0EE8}
		{BF27DF55-5DB3-4943-80C7-79A71C171750} = {762300F3-BF4D-4E34-80C1-9158432B0EE8}
		{D702D993-5959-4AE4-A239-D14B41CD7539} = {762300F3-BF4D-4E34-80C1-9158432B0EE8}
		{572205B0-BDEE-42A6-A610-9578C5A6EFB9} = {9B85BBA9-2FC7-4BFE-B2CC-BC9E6E342E27}
		{78A96FC4-9C12-4FE2-BFB6-A48EE0F7FC07} = {572205B0-BDEE-42A6-A610-9578C5A6EFB9}
		{E28C012E-B793-4966-8A17-5C44D9670926} = {762300F3-BF4D-4E34-80C1-9158432B0EE8}
		{01F27D11-4494-4DD8-9019-F8069480D549} = {D702D993-5959-4AE4-A239-D14B41CD7539}
		{5B35EAD3-C61A-4E02-A902-C240CE250C94} = {3CB99DA2-4B84-4510-B005-8B8DD7989E72}
		{81DD5FA4-D374-4F30-ABE3-A7FC5164903F} = {9B85BBA9-2FC7-4BFE-B2CC-BC9E6E342E27}
		{871A0311-F232-458C-85FA-8FBB5C4EA859} = {81DD5FA4-D374-4F30-ABE3-A7FC5164903F}
		{71FCB605-59CF-4427-86C3-018A4C3FD20F} = {9B85BBA9-2FC7-4BFE-B2CC-BC9E6E342E27}
		{E2FF7B4B-119A-4C6E-886D-FC353C8E3960} = {3CB99DA2-4B84-4510-B005-8B8DD7989E72}
		{221CC296-E0FE-431E-8FBB-9475FC9BD7E8} = {E2FF7B4B-119A-4C6E-886D-FC353C8E3960}
		{097A4731-4042-48F5-8A02-4A5FE06870F8} = {9B85BBA9-2FC7-4BFE-B2CC-BC9E6E342E27}
		{29DBF870-1159-4915-A6F2-23C54ABA81B8} = {097A4731-4042-48F5-8A02-4A5FE06870F8}
		{C3A54077-3F98-4027-98AF-3794E243040F} = {29DBF870-1159-4915-A6F2-23C54ABA81B8}
		{5B2A150E-F495-4EE6-B47F-E9D585FA5A05} = {C3A54077-3F98-4027-98AF-3794E243040F}
		{DD76683A-D538-43B6-ABE8-48276E6D53E0} = {5B2A150E-F495-4EE6-B47F-E9D585FA5A05}
		{41E82FF1-69B1-44D2-AE06-D0A2E4EC1AB3} = {9B85BBA9-2FC7-4BFE-B2CC-BC9E6E342E27}
		{A99D28FE-781B-4AFD-814A-B8E50FBF9492} = {41E82FF1-69B1-44D2-AE06-D0A2E4EC1AB3}
	EndGlobalSection
	GlobalSection(ExtensibilityGlobals) = postSolution
		SolutionGuid = {30078489-ECA3-474E-8C2A-3A9672F01D3C}
	EndGlobalSection
EndGlobal
