
Microsoft Visual Studio Solution File, Format Version 12.00
# Visual Studio Version 16
VisualStudioVersion = 16.0.29911.84
MinimumVisualStudioVersion = 10.0.40219.1
Project("{FAE04EC0-301F-11D3-BF4B-00C04F79EFBC}") = "ServiceManager", "ServiceManager.csproj", "{58194CD0-597F-4368-844D-812107DC9339}"
EndProject
Project("{FAE04EC0-301F-11D3-BF4B-00C04F79EFBC}") = "ProcessWatcher", "..\ProcessWatcher\ProcessWatcher.csproj", "{8C2E8745-9AD5-4C8E-A6D1-E925D4389D2D}"
EndProject
Project("{54435603-DBB4-11D2-8724-00A0C9A8B90C}") = "ServiceManagerIInstaller", "..\ServiceManagerIInstaller\ServiceManagerIInstaller.vdproj", "{2644A9B5-DA99-4065-A103-BB79C90984F6}"
EndProject
Global
	GlobalSection(SolutionConfigurationPlatforms) = preSolution
		Debug|Any CPU = Debug|Any CPU
		Debug|x64 = Debug|x64
		Debug|x86 = Debug|x86
		Release|Any CPU = Release|Any CPU
		Release|x64 = Release|x64
		Release|x86 = Release|x86
	EndGlobalSection
	GlobalSection(ProjectConfigurationPlatforms) = postSolution
		{58194CD0-597F-4368-844D-812107DC9339}.Debug|Any CPU.ActiveCfg = Debug|Any CPU
		{58194CD0-597F-4368-844D-812107DC9339}.Debug|Any CPU.Build.0 = Debug|Any CPU
		{58194CD0-597F-4368-844D-812107DC9339}.Debug|x64.ActiveCfg = Debug|Any CPU
		{58194CD0-597F-4368-844D-812107DC9339}.Debug|x64.Build.0 = Debug|Any CPU
		{58194CD0-597F-4368-844D-812107DC9339}.Debug|x86.ActiveCfg = Debug|Any CPU
		{58194CD0-597F-4368-844D-812107DC9339}.Debug|x86.Build.0 = Debug|Any CPU
		{58194CD0-597F-4368-844D-812107DC9339}.Release|Any CPU.ActiveCfg = Release|Any CPU
		{58194CD0-597F-4368-844D-812107DC9339}.Release|Any CPU.Build.0 = Release|Any CPU
		{58194CD0-597F-4368-844D-812107DC9339}.Release|x64.ActiveCfg = Release|Any CPU
		{58194CD0-597F-4368-844D-812107DC9339}.Release|x64.Build.0 = Release|Any CPU
		{58194CD0-597F-4368-844D-812107DC9339}.Release|x86.ActiveCfg = Release|Any CPU
		{58194CD0-597F-4368-844D-812107DC9339}.Release|x86.Build.0 = Release|Any CPU
		{8C2E8745-9AD5-4C8E-A6D1-E925D4389D2D}.Debug|Any CPU.ActiveCfg = Debug|Any CPU
		{8C2E8745-9AD5-4C8E-A6D1-E925D4389D2D}.Debug|Any CPU.Build.0 = Debug|Any CPU
		{8C2E8745-9AD5-4C8E-A6D1-E925D4389D2D}.Debug|x64.ActiveCfg = Debug|Any CPU
		{8C2E8745-9AD5-4C8E-A6D1-E925D4389D2D}.Debug|x64.Build.0 = Debug|Any CPU
		{8C2E8745-9AD5-4C8E-A6D1-E925D4389D2D}.Debug|x86.ActiveCfg = Debug|Any CPU
		{8C2E8745-9AD5-4C8E-A6D1-E925D4389D2D}.Debug|x86.Build.0 = Debug|Any CPU
		{8C2E8745-9AD5-4C8E-A6D1-E925D4389D2D}.Release|Any CPU.ActiveCfg = Release|Any CPU
		{8C2E8745-9AD5-4C8E-A6D1-E925D4389D2D}.Release|Any CPU.Build.0 = Release|Any CPU
		{8C2E8745-9AD5-4C8E-A6D1-E925D4389D2D}.Release|x64.ActiveCfg = Release|Any CPU
		{8C2E8745-9AD5-4C8E-A6D1-E925D4389D2D}.Release|x64.Build.0 = Release|Any CPU
		{8C2E8745-9AD5-4C8E-A6D1-E925D4389D2D}.Release|x86.ActiveCfg = Release|Any CPU
		{8C2E8745-9AD5-4C8E-A6D1-E925D4389D2D}.Release|x86.Build.0 = Release|Any CPU
		{2644A9B5-DA99-4065-A103-BB79C90984F6}.Debug|Any CPU.ActiveCfg = Debug
		{2644A9B5-DA99-4065-A103-BB79C90984F6}.Debug|Any CPU.Build.0 = Debug
		{2644A9B5-DA99-4065-A103-BB79C90984F6}.Debug|x64.ActiveCfg = Debug
		{2644A9B5-DA99-4065-A103-BB79C90984F6}.Debug|x64.Build.0 = Debug
		{2644A9B5-DA99-4065-A103-BB79C90984F6}.Debug|x86.ActiveCfg = Debug
		{2644A9B5-DA99-4065-A103-BB79C90984F6}.Debug|x86.Build.0 = Debug
		{2644A9B5-DA99-4065-A103-BB79C90984F6}.Release|Any CPU.ActiveCfg = Release
		{2644A9B5-DA99-4065-A103-BB79C90984F6}.Release|Any CPU.Build.0 = Release
		{2644A9B5-DA99-4065-A103-BB79C90984F6}.Release|x64.ActiveCfg = Release
		{2644A9B5-DA99-4065-A103-BB79C90984F6}.Release|x64.Build.0 = Release
		{2644A9B5-DA99-4065-A103-BB79C90984F6}.Release|x86.ActiveCfg = Release
		{2644A9B5-DA99-4065-A103-BB79C90984F6}.Release|x86.Build.0 = Release
	EndGlobalSection
	GlobalSection(SolutionProperties) = preSolution
		HideSolutionNode = FALSE
	EndGlobalSection
	GlobalSection(ExtensibilityGlobals) = postSolution
		SolutionGuid = {7B77F2B2-FB7D-482A-A6F6-51314019F514}
	EndGlobalSection
EndGlobal
